// !$*UTF8*$!
{
	archiveVersion = 1;
	classes = {
	};
	objectVersion = 56;
	objects = {

/* Begin PBXBuildFile section */
		BCC380FE2BB7274000CA647A /* CountryDetailViewController.swift in Sources */ = {isa = PBXBuildFile; fileRef = BCC380FD2BB7274000CA647A /* CountryDetailViewController.swift */; };
		BCC761DD2BB2BBA200176990 /* ViewModel.swift in Sources */ = {isa = PBXBuildFile; fileRef = BCC761DC2BB2BBA200176990 /* ViewModel.swift */; };
		BCC761DF2BB2D38B00176990 /* CountryTableViewCell.swift in Sources */ = {isa = PBXBuildFile; fileRef = BCC761DE2BB2D38B00176990 /* CountryTableViewCell.swift */; };
		BCC761E12BB2D65800176990 /* CountryTableViewController.swift in Sources */ = {isa = PBXBuildFile; fileRef = BCC761E02BB2D65800176990 /* CountryTableViewController.swift */; };
		BCD5F7142BB17A61002ECA61 /* AppDelegate.swift in Sources */ = {isa = PBXBuildFile; fileRef = BCD5F7132BB17A61002ECA61 /* AppDelegate.swift */; };
		BCD5F7162BB17A61002ECA61 /* SceneDelegate.swift in Sources */ = {isa = PBXBuildFile; fileRef = BCD5F7152BB17A61002ECA61 /* SceneDelegate.swift */; };
		BCD5F7182BB17A61002ECA61 /* ViewController.swift in Sources */ = {isa = PBXBuildFile; fileRef = BCD5F7172BB17A61002ECA61 /* ViewController.swift */; };
		BCD5F71B2BB17A61002ECA61 /* Main.storyboard in Resources */ = {isa = PBXBuildFile; fileRef = BCD5F7192BB17A61002ECA61 /* Main.storyboard */; };
		BCD5F71D2BB17A62002ECA61 /* Assets.xcassets in Resources */ = {isa = PBXBuildFile; fileRef = BCD5F71C2BB17A62002ECA61 /* Assets.xcassets */; };
		BCD5F7202BB17A62002ECA61 /* LaunchScreen.storyboard in Resources */ = {isa = PBXBuildFile; fileRef = BCD5F71E2BB17A62002ECA61 /* LaunchScreen.storyboard */; };
		BCD5F7282BB18BBC002ECA61 /* JSONModel.swift in Sources */ = {isa = PBXBuildFile; fileRef = BCD5F7272BB18BBC002ECA61 /* JSONModel.swift */; };
/* End PBXBuildFile section */

/* Begin PBXFileReference section */
		BCC380FD2BB7274000CA647A /* CountryDetailViewController.swift */ = {isa = PBXFileReference; lastKnownFileType = sourcecode.swift; path = CountryDetailViewController.swift; sourceTree = "<group>"; };
		BCC761DC2BB2BBA200176990 /* ViewModel.swift */ = {isa = PBXFileReference; lastKnownFileType = sourcecode.swift; path = ViewModel.swift; sourceTree = "<group>"; };
		BCC761DE2BB2D38B00176990 /* CountryTableViewCell.swift */ = {isa = PBXFileReference; lastKnownFileType = sourcecode.swift; path = CountryTableViewCell.swift; sourceTree = "<group>"; };
		BCC761E02BB2D65800176990 /* CountryTableViewController.swift */ = {isa = PBXFileReference; lastKnownFileType = sourcecode.swift; path = CountryTableViewController.swift; sourceTree = "<group>"; };
		BCD5F7102BB17A61002ECA61 /* NCX.app */ = {isa = PBXFileReference; explicitFileType = wrapper.application; includeInIndex = 0; path = NCX.app; sourceTree = BUILT_PRODUCTS_DIR; };
		BCD5F7132BB17A61002ECA61 /* AppDelegate.swift */ = {isa = PBXFileReference; lastKnownFileType = sourcecode.swift; path = AppDelegate.swift; sourceTree = "<group>"; };
		BCD5F7152BB17A61002ECA61 /* SceneDelegate.swift */ = {isa = PBXFileReference; lastKnownFileType = sourcecode.swift; path = SceneDelegate.swift; sourceTree = "<group>"; };
		BCD5F7172BB17A61002ECA61 /* ViewController.swift */ = {isa = PBXFileReference; lastKnownFileType = sourcecode.swift; path = ViewController.swift; sourceTree = "<group>"; };
		BCD5F71A2BB17A61002ECA61 /* Base */ = {isa = PBXFileReference; lastKnownFileType = file.storyboard; name = Base; path = Base.lproj/Main.storyboard; sourceTree = "<group>"; };
		BCD5F71C2BB17A62002ECA61 /* Assets.xcassets */ = {isa = PBXFileReference; lastKnownFileType = folder.assetcatalog; path = Assets.xcassets; sourceTree = "<group>"; };
		BCD5F71F2BB17A62002ECA61 /* Base */ = {isa = PBXFileReference; lastKnownFileType = file.storyboard; name = Base; path = Base.lproj/LaunchScreen.storyboard; sourceTree = "<group>"; };
		BCD5F7212BB17A62002ECA61 /* Info.plist */ = {isa = PBXFileReference; lastKnownFileType = text.plist.xml; path = Info.plist; sourceTree = "<group>"; };
		BCD5F7272BB18BBC002ECA61 /* JSONModel.swift */ = {isa = PBXFileReference; lastKnownFileType = sourcecode.swift; path = JSONModel.swift; sourceTree = "<group>"; };
/* End PBXFileReference section */

/* Begin PBXFrameworksBuildPhase section */
		BCD5F70D2BB17A61002ECA61 /* Frameworks */ = {
			isa = PBXFrameworksBuildPhase;
			buildActionMask = 2147483647;
			files = (
			);
			runOnlyForDeploymentPostprocessing = 0;
		};
/* End PBXFrameworksBuildPhase section */

/* Begin PBXGroup section */
		BCD5F7072BB17A61002ECA61 = {
			isa = PBXGroup;
			children = (
				BCD5F7122BB17A61002ECA61 /* NCX */,
				BCD5F7112BB17A61002ECA61 /* Products */,
			);
			sourceTree = "<group>";
		};
		BCD5F7112BB17A61002ECA61 /* Products */ = {
			isa = PBXGroup;
			children = (
				BCD5F7102BB17A61002ECA61 /* NCX.app */,
			);
			name = Products;
			sourceTree = "<group>";
		};
		BCD5F7122BB17A61002ECA61 /* NCX */ = {
			isa = PBXGroup;
			children = (
				BCD5F7132BB17A61002ECA61 /* AppDelegate.swift */,
				BCD5F7152BB17A61002ECA61 /* SceneDelegate.swift */,
				BCD5F7172BB17A61002ECA61 /* ViewController.swift */,
				BCC761DC2BB2BBA200176990 /* ViewModel.swift */,
				BCD5F7272BB18BBC002ECA61 /* JSONModel.swift */,
				BCD5F7192BB17A61002ECA61 /* Main.storyboard */,
				BCC761E02BB2D65800176990 /* CountryTableViewController.swift */,
				BCC761DE2BB2D38B00176990 /* CountryTableViewCell.swift */,
				BCC380FD2BB7274000CA647A /* CountryDetailViewController.swift */,
				BCD5F71C2BB17A62002ECA61 /* Assets.xcassets */,
				BCD5F71E2BB17A62002ECA61 /* LaunchScreen.storyboard */,
				BCD5F7212BB17A62002ECA61 /* Info.plist */,
			);
			path = NCX;
			sourceTree = "<group>";
		};
/* End PBXGroup section */

/* Begin PBXNativeTarget section */
		BCD5F70F2BB17A61002ECA61 /* NCX */ = {
			isa = PBXNativeTarget;
			buildConfigurationList = BCD5F7242BB17A62002ECA61 /* Build configuration list for PBXNativeTarget "NCX" */;
			buildPhases = (
				BCD5F70C2BB17A61002ECA61 /* Sources */,
				BCD5F70D2BB17A61002ECA61 /* Frameworks */,
				BCD5F70E2BB17A61002ECA61 /* Resources */,
			);
			buildRules = (
			);
			dependencies = (
			);
			name = NCX;
			productName = NCX;
			productReference = BCD5F7102BB17A61002ECA61 /* NCX.app */;
			productType = "com.apple.product-type.application";
		};
/* End PBXNativeTarget section */

/* Begin PBXProject section */
		BCD5F7082BB17A61002ECA61 /* Project object */ = {
			isa = PBXProject;
			attributes = {
				BuildIndependentTargetsInParallel = 1;
				LastSwiftUpdateCheck = 1500;
				LastUpgradeCheck = 1500;
				TargetAttributes = {
					BCD5F70F2BB17A61002ECA61 = {
						CreatedOnToolsVersion = 15.0;
					};
				};
			};
			buildConfigurationList = BCD5F70B2BB17A61002ECA61 /* Build configuration list for PBXProject "NCX" */;
			compatibilityVersion = "Xcode 14.0";
			developmentRegion = en;
			hasScannedForEncodings = 0;
			knownRegions = (
				en,
				Base,
			);
			mainGroup = BCD5F7072BB17A61002ECA61;
			productRefGroup = BCD5F7112BB17A61002ECA61 /* Products */;
			projectDirPath = "";
			projectRoot = "";
			targets = (
				BCD5F70F2BB17A61002ECA61 /* NCX */,
			);
		};
/* End PBXProject section */

/* Begin PBXResourcesBuildPhase section */
		BCD5F70E2BB17A61002ECA61 /* Resources */ = {
			isa = PBXResourcesBuildPhase;
			buildActionMask = 2147483647;
			files = (
				BCD5F7202BB17A62002ECA61 /* LaunchScreen.storyboard in Resources */,
				BCD5F71D2BB17A62002ECA61 /* Assets.xcassets in Resources */,
				BCD5F71B2BB17A61002ECA61 /* Main.storyboard in Resources */,
			);
			runOnlyForDeploymentPostprocessing = 0;
		};
/* End PBXResourcesBuildPhase section */

/* Begin PBXSourcesBuildPhase section */
		BCD5F70C2BB17A61002ECA61 /* Sources */ = {
			isa = PBXSourcesBuildPhase;
			buildActionMask = 2147483647;
			files = (
				BCC761DF2BB2D38B00176990 /* CountryTableViewCell.swift in Sources */,
				BCD5F7182BB17A61002ECA61 /* ViewController.swift in Sources */,
				BCD5F7282BB18BBC002ECA61 /* JSONModel.swift in Sources */,
				BCD5F7142BB17A61002ECA61 /* AppDelegate.swift in Sources */,
				BCD5F7162BB17A61002ECA61 /* SceneDelegate.swift in Sources */,
				BCC761DD2BB2BBA200176990 /* ViewModel.swift in Sources */,
				BCC380FE2BB7274000CA647A /* CountryDetailViewController.swift in Sources */,
				BCC761E12BB2D65800176990 /* CountryTableViewController.swift in Sources */,
			);
			runOnlyForDeploymentPostprocessing = 0;
		};
/* End PBXSourcesBuildPhase section */

/* Begin PBXVariantGroup section */
		BCD5F7192BB17A61002ECA61 /* Main.storyboard */ = {
			isa = PBXVariantGroup;
			children = (
				BCD5F71A2BB17A61002ECA61 /* Base */,
			);
			name = Main.storyboard;
			sourceTree = "<group>";
		};
		BCD5F71E2BB17A62002ECA61 /* LaunchScreen.storyboard */ = {
			isa = PBXVariantGroup;
			children = (
				BCD5F71F2BB17A62002ECA61 /* Base */,
			);
			name = LaunchScreen.storyboard;
			sourceTree = "<group>";
		};
/* End PBXVariantGroup section */

/* Begin XCBuildConfiguration section */
		BCD5F7222BB17A62002ECA61 /* Debug */ = {
			isa = XCBuildConfiguration;
			buildSettings = {
				ALWAYS_SEARCH_USER_PATHS = NO;
				ASSETCATALOG_COMPILER_GENERATE_SWIFT_ASSET_SYMBOL_EXTENSIONS = YES;
				CLANG_ANALYZER_NONNULL = YES;
				CLANG_ANALYZER_NUMBER_OBJECT_CONVERSION = YES_AGGRESSIVE;
				CLANG_CXX_LANGUAGE_STANDARD = "gnu++20";
				CLANG_ENABLE_MODULES = YES;
				CLANG_ENABLE_OBJC_ARC = YES;
				CLANG_ENABLE_OBJC_WEAK = YES;
				CLANG_WARN_BLOCK_CAPTURE_AUTORELEASING = YES;
				CLANG_WARN_BOOL_CONVERSION = YES;
				CLANG_WARN_COMMA = YES;
				CLANG_WARN_CONSTANT_CONVERSION = YES;
				CLANG_WARN_DEPRECATED_OBJC_IMPLEMENTATIONS = YES;
				CLANG_WARN_DIRECT_OBJC_ISA_USAGE = YES_ERROR;
				CLANG_WARN_DOCUMENTATION_COMMENTS = YES;
				CLANG_WARN_EMPTY_BODY = YES;
				CLANG_WARN_ENUM_CONVERSION = YES;
				CLANG_WARN_INFINITE_RECURSION = YES;
				CLANG_WARN_INT_CONVERSION = YES;
				CLANG_WARN_NON_LITERAL_NULL_CONVERSION = YES;
				CLANG_WARN_OBJC_IMPLICIT_RETAIN_SELF = YES;
				CLANG_WARN_OBJC_LITERAL_CONVERSION = YES;
				CLANG_WARN_OBJC_ROOT_CLASS = YES_ERROR;
				CLANG_WARN_QUOTED_INCLUDE_IN_FRAMEWORK_HEADER = YES;
				CLANG_WARN_RANGE_LOOP_ANALYSIS = YES;
				CLANG_WARN_STRICT_PROTOTYPES = YES;
				CLANG_WARN_SUSPICIOUS_MOVE = YES;
				CLANG_WARN_UNGUARDED_AVAILABILITY = YES_AGGRESSIVE;
				CLANG_WARN_UNREACHABLE_CODE = YES;
				CLANG_WARN__DUPLICATE_METHOD_MATCH = YES;
				COPY_PHASE_STRIP = NO;
				DEBUG_INFORMATION_FORMAT = dwarf;
				ENABLE_STRICT_OBJC_MSGSEND = YES;
				ENABLE_TESTABILITY = YES;
				ENABLE_USER_SCRIPT_SANDBOXING = YES;
				GCC_C_LANGUAGE_STANDARD = gnu17;
				GCC_DYNAMIC_NO_PIC = NO;
				GCC_NO_COMMON_BLOCKS = YES;
				GCC_OPTIMIZATION_LEVEL = 0;
				GCC_PREPROCESSOR_DEFINITIONS = (
					"DEBUG=1",
					"$(inherited)",
				);
				GCC_WARN_64_TO_32_BIT_CONVERSION = YES;
				GCC_WARN_ABOUT_RETURN_TYPE = YES_ERROR;
				GCC_WARN_UNDECLARED_SELECTOR = YES;
				GCC_WARN_UNINITIALIZED_AUTOS = YES_AGGRESSIVE;
				GCC_WARN_UNUSED_FUNCTION = YES;
				GCC_WARN_UNUSED_VARIABLE = YES;
				IPHONEOS_DEPLOYMENT_TARGET = 17.0;
				LOCALIZATION_PREFERS_STRING_CATALOGS = YES;
				MTL_ENABLE_DEBUG_INFO = INCLUDE_SOURCE;
				MTL_FAST_MATH = YES;
				ONLY_ACTIVE_ARCH = YES;
				SDKROOT = iphoneos;
				SWIFT_ACTIVE_COMPILATION_CONDITIONS = "DEBUG $(inherited)";
				SWIFT_OPTIMIZATION_LEVEL = "-Onone";
			};
			name = Debug;
		};
		BCD5F7232BB17A62002ECA61 /* Release */ = {
			isa = XCBuildConfiguration;
			buildSettings = {
				ALWAYS_SEARCH_USER_PATHS = NO;
				ASSETCATALOG_COMPILER_GENERATE_SWIFT_ASSET_SYMBOL_EXTENSIONS = YES;
				CLANG_ANALYZER_NONNULL = YES;
				CLANG_ANALYZER_NUMBER_OBJECT_CONVERSION = YES_AGGRESSIVE;
				CLANG_CXX_LANGUAGE_STANDARD = "gnu++20";
				CLANG_ENABLE_MODULES = YES;
				CLANG_ENABLE_OBJC_ARC = YES;
				CLANG_ENABLE_OBJC_WEAK = YES;
				CLANG_WARN_BLOCK_CAPTURE_AUTORELEASING = YES;
				CLANG_WARN_BOOL_CONVERSION = YES;
				CLANG_WARN_COMMA = YES;
				CLANG_WARN_CONSTANT_CONVERSION = YES;
				CLANG_WARN_DEPRECATED_OBJC_IMPLEMENTATIONS = YES;
				CLANG_WARN_DIRECT_OBJC_ISA_USAGE = YES_ERROR;
				CLANG_WARN_DOCUMENTATION_COMMENTS = YES;
				CLANG_WARN_EMPTY_BODY = YES;
				CLANG_WARN_ENUM_CONVERSION = YES;
				CLANG_WARN_INFINITE_RECURSION = YES;
				CLANG_WARN_INT_CONVERSION = YES;
				CLANG_WARN_NON_LITERAL_NULL_CONVERSION = YES;
				CLANG_WARN_OBJC_IMPLICIT_RETAIN_SELF = YES;
				CLANG_WARN_OBJC_LITERAL_CONVERSION = YES;
				CLANG_WARN_OBJC_ROOT_CLASS = YES_ERROR;
				CLANG_WARN_QUOTED_INCLUDE_IN_FRAMEWORK_HEADER = YES;
				CLANG_WARN_RANGE_LOOP_ANALYSIS = YES;
				CLANG_WARN_STRICT_PROTOTYPES = YES;
				CLANG_WARN_SUSPICIOUS_MOVE = YES;
				CLANG_WARN_UNGUARDED_AVAILABILITY = YES_AGGRESSIVE;
				CLANG_WARN_UNREACHABLE_CODE = YES;
				CLANG_WARN__DUPLICATE_METHOD_MATCH = YES;
				COPY_PHASE_STRIP = NO;
				DEBUG_INFORMATION_FORMAT = "dwarf-with-dsym";
				ENABLE_NS_ASSERTIONS = NO;
				ENABLE_STRICT_OBJC_MSGSEND = YES;
				ENABLE_USER_SCRIPT_SANDBOXING = YES;
				GCC_C_LANGUAGE_STANDARD = gnu17;
				GCC_NO_COMMON_BLOCKS = YES;
				GCC_WARN_64_TO_32_BIT_CONVERSION = YES;
				GCC_WARN_ABOUT_RETURN_TYPE = YES_ERROR;
				GCC_WARN_UNDECLARED_SELECTOR = YES;
				GCC_WARN_UNINITIALIZED_AUTOS = YES_AGGRESSIVE;
				GCC_WARN_UNUSED_FUNCTION = YES;
				GCC_WARN_UNUSED_VARIABLE = YES;
				IPHONEOS_DEPLOYMENT_TARGET = 17.0;
				LOCALIZATION_PREFERS_STRING_CATALOGS = YES;
				MTL_ENABLE_DEBUG_INFO = NO;
				MTL_FAST_MATH = YES;
				SDKROOT = iphoneos;
				SWIFT_COMPILATION_MODE = wholemodule;
				VALIDATE_PRODUCT = YES;
			};
			name = Release;
		};
		BCD5F7252BB17A62002ECA61 /* Debug */ = {
			isa = XCBuildConfiguration;
			buildSettings = {
				ASSETCATALOG_COMPILER_APPICON_NAME = AppIcon;
				ASSETCATALOG_COMPILER_GLOBAL_ACCENT_COLOR_NAME = AccentColor;
				CODE_SIGN_STYLE = Automatic;
				CURRENT_PROJECT_VERSION = 1;
				DEVELOPMENT_TEAM = 85TW94Y6A7;
				GENERATE_INFOPLIST_FILE = YES;
				INFOPLIST_FILE = NCX/Info.plist;
				INFOPLIST_KEY_CFBundleDisplayName = NanoGlobe;
				INFOPLIST_KEY_LSApplicationCategoryType = "public.app-category.education";
				INFOPLIST_KEY_UIApplicationSupportsIndirectInputEvents = YES;
				INFOPLIST_KEY_UILaunchStoryboardName = LaunchScreen;
				INFOPLIST_KEY_UIMainStoryboardFile = Main;
				INFOPLIST_KEY_UISupportedInterfaceOrientations_iPad = "UIInterfaceOrientationPortrait UIInterfaceOrientationPortraitUpsideDown UIInterfaceOrientationLandscapeLeft UIInterfaceOrientationLandscapeRight";
				INFOPLIST_KEY_UISupportedInterfaceOrientations_iPhone = "UIInterfaceOrientationPortrait UIInterfaceOrientationLandscapeLeft UIInterfaceOrientationLandscapeRight";
				LD_RUNPATH_SEARCH_PATHS = (
					"$(inherited)",
					"@executable_path/Frameworks",
				);
				MARKETING_VERSION = 1.0;
				PRODUCT_BUNDLE_IDENTIFIER = com.giovanniborriello.NCX;
				PRODUCT_NAME = "$(TARGET_NAME)";
				SWIFT_EMIT_LOC_STRINGS = YES;
				SWIFT_VERSION = 5.0;
				TARGETED_DEVICE_FAMILY = "1,2";
			};
			name = Debug;
		};
		BCD5F7262BB17A62002ECA61 /* Release */ = {
			isa = XCBuildConfiguration;
			buildSettings = {
				ASSETCATALOG_COMPILER_APPICON_NAME = AppIcon;
				ASSETCATALOG_COMPILER_GLOBAL_ACCENT_COLOR_NAME = AccentColor;
				CODE_SIGN_STYLE = Automatic;
				CURRENT_PROJECT_VERSION = 1;
				DEVELOPMENT_TEAM = 85TW94Y6A7;
				GENERATE_INFOPLIST_FILE = YES;
				INFOPLIST_FILE = NCX/Info.plist;
				INFOPLIST_KEY_CFBundleDisplayName = NanoGlobe;
				INFOPLIST_KEY_LSApplicationCategoryType = "public.app-category.education";
				INFOPLIST_KEY_UIApplicationSupportsIndirectInputEvents = YES;
				INFOPLIST_KEY_UILaunchStoryboardName = LaunchScreen;
				INFOPLIST_KEY_UIMainStoryboardFile = Main;
				INFOPLIST_KEY_UISupportedInterfaceOrientations_iPad = "UIInterfaceOrientationPortrait UIInterfaceOrientationPortraitUpsideDown UIInterfaceOrientationLandscapeLeft UIInterfaceOrientationLandscapeRight";
				INFOPLIST_KEY_UISupportedInterfaceOrientations_iPhone = "UIInterfaceOrientationPortrait UIInterfaceOrientationLandscapeLeft UIInterfaceOrientationLandscapeRight";
				LD_RUNPATH_SEARCH_PATHS = (
					"$(inherited)",
					"@executable_path/Frameworks",
				);
				MARKETING_VERSION = 1.0;
				PRODUCT_BUNDLE_IDENTIFIER = com.giovanniborriello.NCX;
				PRODUCT_NAME = "$(TARGET_NAME)";
				SWIFT_EMIT_LOC_STRINGS = YES;
				SWIFT_VERSION = 5.0;
				TARGETED_DEVICE_FAMILY = "1,2";
			};
			name = Release;
		};
/* End XCBuildConfiguration section */

/* Begin XCConfigurationList section */
		BCD5F70B2BB17A61002ECA61 /* Build configuration list for PBXProject "NCX" */ = {
			isa = XCConfigurationList;
			buildConfigurations = (
				BCD5F7222BB17A62002ECA61 /* Debug */,
				BCD5F7232BB17A62002ECA61 /* Release */,
			);
			defaultConfigurationIsVisible = 0;
			defaultConfigurationName = Release;
		};
		BCD5F7242BB17A62002ECA61 /* Build configuration list for PBXNativeTarget "NCX" */ = {
			isa = XCConfigurationList;
			buildConfigurations = (
				BCD5F7252BB17A62002ECA61 /* Debug */,
				BCD5F7262BB17A62002ECA61 /* Release */,
			);
			defaultConfigurationIsVisible = 0;
			defaultConfigurationName = Release;
		};
/* End XCConfigurationList section */
	};
	rootObject = BCD5F7082BB17A61002ECA61 /* Project object */;
}
